
Microsoft Visual Studio Solution File, Format Version 12.00
# Visual Studio Version 16
VisualStudioVersion = 16.0.35425.106
MinimumVisualStudioVersion = 10.0.40219.1
Project("{F184B08F-C81C-45F6-A57F-5ABD9991F28F}") = "BlueRedditVirus", "BlueRedditVirus.vbproj", "{DD853BBC-E769-40F2-BD31-04290AF6569F}"
EndProject
Global
	GlobalSection(SolutionConfigurationPlatforms) = preSolution
		Debug|Any CPU = Debug|Any CPU
		Release|Any CPU = Release|Any CPU
	EndGlobalSection
	GlobalSection(ProjectConfigurationPlatforms) = postSolution
		{DD853BBC-E769-40F2-BD31-04290AF6569F}.Debug|Any CPU.ActiveCfg = Debug|Any CPU
		{DD853BBC-E769-40F2-BD31-04290AF6569F}.Debug|Any CPU.Build.0 = Debug|Any CPU
		{DD853BBC-E769-40F2-BD31-04290AF6569F}.Release|Any CPU.ActiveCfg = Release|Any CPU
		{DD853BBC-E769-40F2-BD31-04290AF6569F}.Release|Any CPU.Build.0 = Release|Any CPU
	EndGlobalSection
	GlobalSection(SolutionProperties) = preSolution
		HideSolutionNode = FALSE
	EndGlobalSection
	GlobalSection(ExtensibilityGlobals) = postSolution
		SolutionGuid = {E5362CE3-9B76-480E-A2E7-0CDD694A54F0}
	EndGlobalSection
EndGlobal
